
Microsoft Visual Studio Solution File, Format Version 12.00
# Visual Studio Version 16
Project("{FAE04EC0-301F-11D3-BF4B-00C04F79EFBC}") = "WebApplication1", "WebApplication1\WebApplication1.csproj", "{ADAE5675-1D81-44DE-B8B9-6A2449C7383B}"
EndProject
Project("{E53339B2-1760-4266-BCC7-CA923CBCF16C}") = "docker-compose", "docker-compose.dcproj", "{60094821-44D4-4ACB-908D-415659C43248}"
EndProject
Global
	GlobalSection(SolutionConfigurationPlatforms) = preSolution
		Debug|Any CPU = Debug|Any CPU
		Release|Any CPU = Release|Any CPU
	EndGlobalSection
	GlobalSection(ProjectConfigurationPlatforms) = postSolution
		{ADAE5675-1D81-44DE-B8B9-6A2449C7383B}.Debug|Any CPU.ActiveCfg = Debug|Any CPU
		{ADAE5675-1D81-44DE-B8B9-6A2449C7383B}.Debug|Any CPU.Build.0 = Debug|Any CPU
		{ADAE5675-1D81-44DE-B8B9-6A2449C7383B}.Release|Any CPU.ActiveCfg = Release|Any CPU
		{ADAE5675-1D81-44DE-B8B9-6A2449C7383B}.Release|Any CPU.Build.0 = Release|Any CPU
		{60094821-44D4-4ACB-908D-415659C43248}.Debug|Any CPU.ActiveCfg = Debug|Any CPU
		{60094821-44D4-4ACB-908D-415659C43248}.Debug|Any CPU.Build.0 = Debug|Any CPU
		{60094821-44D4-4ACB-908D-415659C43248}.Release|Any CPU.ActiveCfg = Release|Any CPU
		{60094821-44D4-4ACB-908D-415659C43248}.Release|Any CPU.Build.0 = Release|Any CPU
	EndGlobalSection
EndGlobal
